
Microsoft Visual Studio Solution File, Format Version 12.00
# Visual Studio Version 16
VisualStudioVersion = 16.0.31424.327
MinimumVisualStudioVersion = 10.0.40219.1
Project("{FAE04EC0-301F-11D3-BF4B-00C04F79EFBC}") = "QuanLyDuongSat", "QuanLyDuongSat\QuanLyDuongSat.csproj", "{1184BF47-9C0B-489E-BD2C-8A1AE6D1D127}"
EndProject
Global
	GlobalSection(SolutionConfigurationPlatforms) = preSolution
		Debug|Any CPU = Debug|Any CPU
		Release|Any CPU = Release|Any CPU
	EndGlobalSection
	GlobalSection(ProjectConfigurationPlatforms) = postSolution
		{1184BF47-9C0B-489E-BD2C-8A1AE6D1D127}.Debug|Any CPU.ActiveCfg = Debug|Any CPU
		{1184BF47-9C0B-489E-BD2C-8A1AE6D1D127}.Debug|Any CPU.Build.0 = Debug|Any CPU
		{1184BF47-9C0B-489E-BD2C-8A1AE6D1D127}.Release|Any CPU.ActiveCfg = Release|Any CPU
		{1184BF47-9C0B-489E-BD2C-8A1AE6D1D127}.Release|Any CPU.Build.0 = Release|Any CPU
	EndGlobalSection
	GlobalSection(SolutionProperties) = preSolution
		HideSolutionNode = FALSE
	EndGlobalSection
	GlobalSection(ExtensibilityGlobals) = postSolution
		SolutionGuid = {CF3DFA17-3A89-4C6C-A007-63564FA86BDF}
	EndGlobalSection
EndGlobal
